
Microsoft Visual Studio Solution File, Format Version 12.00
# Visual Studio Version 16
VisualStudioVersion = 16.0.31129.286
MinimumVisualStudioVersion = 10.0.40219.1
Project("{9A19103F-16F7-4668-BE54-9A1E7A4F7556}") = "Symulator", "WinFormsApp1\Symulator.csproj", "{C1019D72-A50E-4447-8A09-B0FA5F5D72F9}"
EndProject
Global
	GlobalSection(SolutionConfigurationPlatforms) = preSolution
		Debug|Any CPU = Debug|Any CPU
		Release|Any CPU = Release|Any CPU
	EndGlobalSection
	GlobalSection(ProjectConfigurationPlatforms) = postSolution
		{C1019D72-A50E-4447-8A09-B0FA5F5D72F9}.Debug|Any CPU.ActiveCfg = Debug|Any CPU
		{C1019D72-A50E-4447-8A09-B0FA5F5D72F9}.Debug|Any CPU.Build.0 = Debug|Any CPU
		{C1019D72-A50E-4447-8A09-B0FA5F5D72F9}.Release|Any CPU.ActiveCfg = Release|Any CPU
		{C1019D72-A50E-4447-8A09-B0FA5F5D72F9}.Release|Any CPU.Build.0 = Release|Any CPU
	EndGlobalSection
	GlobalSection(SolutionProperties) = preSolution
		HideSolutionNode = FALSE
	EndGlobalSection
	GlobalSection(ExtensibilityGlobals) = postSolution
		SolutionGuid = {72E6A86B-2CE9-4FCD-AE0D-E38CE8CC9A62}
	EndGlobalSection
EndGlobal
